
Microsoft Visual Studio Solution File, Format Version 12.00
# Visual Studio 15
VisualStudioVersion = 15.0.27004.2005
MinimumVisualStudioVersion = 10.0.40219.1
Project("{8BC9CEB8-8B4A-11D0-8D11-00A0C91BC942}") = "PC.Asignment", "PC.Asignment\PC.Asignment.vcxproj", "{B768750A-158A-4F74-9550-6B4E381A6263}"
EndProject
Global
	GlobalSection(SolutionConfigurationPlatforms) = preSolution
		Debug|x64 = Debug|x64
		Debug|x86 = Debug|x86
		Release|x64 = Release|x64
		Release|x86 = Release|x86
	EndGlobalSection
	GlobalSection(ProjectConfigurationPlatforms) = postSolution
		{B768750A-158A-4F74-9550-6B4E381A6263}.Debug|x64.ActiveCfg = Debug|x64
		{B768750A-158A-4F74-9550-6B4E381A6263}.Debug|x64.Build.0 = Debug|x64
		{B768750A-158A-4F74-9550-6B4E381A6263}.Debug|x86.ActiveCfg = Debug|Win32
		{B768750A-158A-4F74-9550-6B4E381A6263}.Debug|x86.Build.0 = Debug|Win32
		{B768750A-158A-4F74-9550-6B4E381A6263}.Release|x64.ActiveCfg = Release|x64
		{B768750A-158A-4F74-9550-6B4E381A6263}.Release|x64.Build.0 = Release|x64
		{B768750A-158A-4F74-9550-6B4E381A6263}.Release|x86.ActiveCfg = Release|Win32
		{B768750A-158A-4F74-9550-6B4E381A6263}.Release|x86.Build.0 = Release|Win32
	EndGlobalSection
	GlobalSection(SolutionProperties) = preSolution
		HideSolutionNode = FALSE
	EndGlobalSection
	GlobalSection(ExtensibilityGlobals) = postSolution
		SolutionGuid = {80C8F1DF-99B8-4B17-8CEA-450E67F48D97}
	EndGlobalSection
EndGlobal
